// !$*UTF8*$!
{
	archiveVersion = 1;
	classes = {
	};
	objectVersion = 50;
	objects = {

/* Begin PBXBuildFile section */
		0206531AEAFB99CB16FB714A /* Pods_iOS_todoAppTests.framework in Frameworks */ = {isa = PBXBuildFile; fileRef = 78BB21FF9DEC37AA2211A431 /* Pods_iOS_todoAppTests.framework */; };
		062DD05321C28B0A007B09DB /* Moya.swift in Sources */ = {isa = PBXBuildFile; fileRef = 062DD05221C28B0A007B09DB /* Moya.swift */; };
		0659E2F021B2C60B003E753E /* ViewModel.swift in Sources */ = {isa = PBXBuildFile; fileRef = 0659E2EF21B2C60B003E753E /* ViewModel.swift */; };
		0659E2F221B3BFBB003E753E /* LoginViewController.swift in Sources */ = {isa = PBXBuildFile; fileRef = 0659E2F121B3BFBB003E753E /* LoginViewController.swift */; };
		0659E2F421B3C31F003E753E /* APIService.swift in Sources */ = {isa = PBXBuildFile; fileRef = 0659E2F321B3C31F003E753E /* APIService.swift */; };
		0659E2F621B3D4A5003E753E /* TableViewController.swift in Sources */ = {isa = PBXBuildFile; fileRef = 0659E2F521B3D4A5003E753E /* TableViewController.swift */; };
		0659E2F821B41143003E753E /* CodeBlock.swift in Sources */ = {isa = PBXBuildFile; fileRef = 0659E2F721B41143003E753E /* CodeBlock.swift */; };
		06958149222ACA520084B924 /* RestaurantListController.swift in Sources */ = {isa = PBXBuildFile; fileRef = 06958148222ACA520084B924 /* RestaurantListController.swift */; };
		0695814B222ACE440084B924 /* BaseTableCell.swift in Sources */ = {isa = PBXBuildFile; fileRef = 0695814A222ACE440084B924 /* BaseTableCell.swift */; };
		0695814E222AE3A00084B924 /* PickResultController.swift in Sources */ = {isa = PBXBuildFile; fileRef = 0695814D222AE3A00084B924 /* PickResultController.swift */; };
		06958153222BD1B10084B924 /* RestuarantDAO.swift in Sources */ = {isa = PBXBuildFile; fileRef = 06958152222BD1B10084B924 /* RestuarantDAO.swift */; };
		06B19F0922182DE20003995B /* PostRestaurantViewController.swift in Sources */ = {isa = PBXBuildFile; fileRef = 06B19F0822182DE20003995B /* PostRestaurantViewController.swift */; };
		06B19F0D22182F280003995B /* BaseViewController.swift in Sources */ = {isa = PBXBuildFile; fileRef = 06B19F0C22182F280003995B /* BaseViewController.swift */; };
		06B19F0F22182FBA0003995B /* RestaurantModel.swift in Sources */ = {isa = PBXBuildFile; fileRef = 06B19F0E22182FBA0003995B /* RestaurantModel.swift */; };
		06CCE1EA21AACA8D00A63088 /* AppDelegate.swift in Sources */ = {isa = PBXBuildFile; fileRef = 06CCE1E921AACA8D00A63088 /* AppDelegate.swift */; };
		06CCE1EC21AACA8D00A63088 /* ViewController.swift in Sources */ = {isa = PBXBuildFile; fileRef = 06CCE1EB21AACA8D00A63088 /* ViewController.swift */; };
		06CCE1F221AACA8D00A63088 /* iOS_todoApp.xcdatamodeld in Sources */ = {isa = PBXBuildFile; fileRef = 06CCE1F021AACA8D00A63088 /* iOS_todoApp.xcdatamodeld */; };
		06CCE1F421AACA8F00A63088 /* Assets.xcassets in Resources */ = {isa = PBXBuildFile; fileRef = 06CCE1F321AACA8F00A63088 /* Assets.xcassets */; };
		06CCE1F721AACA8F00A63088 /* LaunchScreen.storyboard in Resources */ = {isa = PBXBuildFile; fileRef = 06CCE1F521AACA8F00A63088 /* LaunchScreen.storyboard */; };
		06CCE20221AACA9000A63088 /* iOS_todoAppTests.swift in Sources */ = {isa = PBXBuildFile; fileRef = 06CCE20121AACA9000A63088 /* iOS_todoAppTests.swift */; };
		06CCE20D21AACA9000A63088 /* iOS_todoAppUITests.swift in Sources */ = {isa = PBXBuildFile; fileRef = 06CCE20C21AACA9000A63088 /* iOS_todoAppUITests.swift */; };
		06EF3B9822227B000050DDA7 /* Util.swift in Sources */ = {isa = PBXBuildFile; fileRef = 06EF3B9722227B000050DDA7 /* Util.swift */; };
		06EF3B9B22228A7B0050DDA7 /* Filter.swift in Sources */ = {isa = PBXBuildFile; fileRef = 06EF3B9A22228A7B0050DDA7 /* Filter.swift */; };
		06EF3B9D22228D0A0050DDA7 /* PickViewController.swift in Sources */ = {isa = PBXBuildFile; fileRef = 06EF3B9C22228D0A0050DDA7 /* PickViewController.swift */; };
		B900AD440FA8E310450DD64B /* Pods_iOS_todoApp.framework in Frameworks */ = {isa = PBXBuildFile; fileRef = B112E05EAE1491612BEFEA2C /* Pods_iOS_todoApp.framework */; };
		F59BE9A041308927B7BC6074 /* Pods_iOS_todoAppUITests.framework in Frameworks */ = {isa = PBXBuildFile; fileRef = 15DE2B2B8157166DE5ABE194 /* Pods_iOS_todoAppUITests.framework */; };
/* End PBXBuildFile section */

/* Begin PBXContainerItemProxy section */
		06CCE1FE21AACA9000A63088 /* PBXContainerItemProxy */ = {
			isa = PBXContainerItemProxy;
			containerPortal = 06CCE1DE21AACA8D00A63088 /* Project object */;
			proxyType = 1;
			remoteGlobalIDString = 06CCE1E521AACA8D00A63088;
			remoteInfo = "iOS-todoApp";
		};
		06CCE20921AACA9000A63088 /* PBXContainerItemProxy */ = {
			isa = PBXContainerItemProxy;
			containerPortal = 06CCE1DE21AACA8D00A63088 /* Project object */;
			proxyType = 1;
			remoteGlobalIDString = 06CCE1E521AACA8D00A63088;
			remoteInfo = "iOS-todoApp";
		};
/* End PBXContainerItemProxy section */

/* Begin PBXFileReference section */
		062DD05221C28B0A007B09DB /* Moya.swift */ = {isa = PBXFileReference; lastKnownFileType = sourcecode.swift; path = Moya.swift; sourceTree = "<group>"; };
		0659E2EF21B2C60B003E753E /* ViewModel.swift */ = {isa = PBXFileReference; lastKnownFileType = sourcecode.swift; path = ViewModel.swift; sourceTree = "<group>"; };
		0659E2F121B3BFBB003E753E /* LoginViewController.swift */ = {isa = PBXFileReference; lastKnownFileType = sourcecode.swift; path = LoginViewController.swift; sourceTree = "<group>"; };
		0659E2F321B3C31F003E753E /* APIService.swift */ = {isa = PBXFileReference; lastKnownFileType = sourcecode.swift; path = APIService.swift; sourceTree = "<group>"; };
		0659E2F521B3D4A5003E753E /* TableViewController.swift */ = {isa = PBXFileReference; lastKnownFileType = sourcecode.swift; path = TableViewController.swift; sourceTree = "<group>"; };
		0659E2F721B41143003E753E /* CodeBlock.swift */ = {isa = PBXFileReference; lastKnownFileType = sourcecode.swift; path = CodeBlock.swift; sourceTree = "<group>"; };
		06958148222ACA520084B924 /* RestaurantListController.swift */ = {isa = PBXFileReference; lastKnownFileType = sourcecode.swift; path = RestaurantListController.swift; sourceTree = "<group>"; };
		0695814A222ACE440084B924 /* BaseTableCell.swift */ = {isa = PBXFileReference; lastKnownFileType = sourcecode.swift; path = BaseTableCell.swift; sourceTree = "<group>"; };
		0695814D222AE3A00084B924 /* PickResultController.swift */ = {isa = PBXFileReference; lastKnownFileType = sourcecode.swift; path = PickResultController.swift; sourceTree = "<group>"; };
		06958152222BD1B10084B924 /* RestuarantDAO.swift */ = {isa = PBXFileReference; lastKnownFileType = sourcecode.swift; path = RestuarantDAO.swift; sourceTree = "<group>"; };
		06B19F0822182DE20003995B /* PostRestaurantViewController.swift */ = {isa = PBXFileReference; lastKnownFileType = sourcecode.swift; path = PostRestaurantViewController.swift; sourceTree = "<group>"; };
		06B19F0C22182F280003995B /* BaseViewController.swift */ = {isa = PBXFileReference; lastKnownFileType = sourcecode.swift; path = BaseViewController.swift; sourceTree = "<group>"; };
		06B19F0E22182FBA0003995B /* RestaurantModel.swift */ = {isa = PBXFileReference; lastKnownFileType = sourcecode.swift; path = RestaurantModel.swift; sourceTree = "<group>"; };
		06CCE1E621AACA8D00A63088 /* iOS-todoApp.app */ = {isa = PBXFileReference; explicitFileType = wrapper.application; includeInIndex = 0; path = "iOS-todoApp.app"; sourceTree = BUILT_PRODUCTS_DIR; };
		06CCE1E921AACA8D00A63088 /* AppDelegate.swift */ = {isa = PBXFileReference; lastKnownFileType = sourcecode.swift; path = AppDelegate.swift; sourceTree = "<group>"; };
		06CCE1EB21AACA8D00A63088 /* ViewController.swift */ = {isa = PBXFileReference; lastKnownFileType = sourcecode.swift; path = ViewController.swift; sourceTree = "<group>"; };
		06CCE1F121AACA8D00A63088 /* iOS_todoApp.xcdatamodel */ = {isa = PBXFileReference; lastKnownFileType = wrapper.xcdatamodel; path = iOS_todoApp.xcdatamodel; sourceTree = "<group>"; };
		06CCE1F321AACA8F00A63088 /* Assets.xcassets */ = {isa = PBXFileReference; lastKnownFileType = folder.assetcatalog; path = Assets.xcassets; sourceTree = "<group>"; };
		06CCE1F621AACA8F00A63088 /* Base */ = {isa = PBXFileReference; lastKnownFileType = file.storyboard; name = Base; path = Base.lproj/LaunchScreen.storyboard; sourceTree = "<group>"; };
		06CCE1F821AACA8F00A63088 /* Info.plist */ = {isa = PBXFileReference; lastKnownFileType = text.plist.xml; path = Info.plist; sourceTree = "<group>"; };
		06CCE1FD21AACA9000A63088 /* iOS-todoAppTests.xctest */ = {isa = PBXFileReference; explicitFileType = wrapper.cfbundle; includeInIndex = 0; path = "iOS-todoAppTests.xctest"; sourceTree = BUILT_PRODUCTS_DIR; };
		06CCE20121AACA9000A63088 /* iOS_todoAppTests.swift */ = {isa = PBXFileReference; lastKnownFileType = sourcecode.swift; path = iOS_todoAppTests.swift; sourceTree = "<group>"; };
		06CCE20321AACA9000A63088 /* Info.plist */ = {isa = PBXFileReference; lastKnownFileType = text.plist.xml; path = Info.plist; sourceTree = "<group>"; };
		06CCE20821AACA9000A63088 /* iOS-todoAppUITests.xctest */ = {isa = PBXFileReference; explicitFileType = wrapper.cfbundle; includeInIndex = 0; path = "iOS-todoAppUITests.xctest"; sourceTree = BUILT_PRODUCTS_DIR; };
		06CCE20C21AACA9000A63088 /* iOS_todoAppUITests.swift */ = {isa = PBXFileReference; lastKnownFileType = sourcecode.swift; path = iOS_todoAppUITests.swift; sourceTree = "<group>"; };
		06CCE20E21AACA9000A63088 /* Info.plist */ = {isa = PBXFileReference; lastKnownFileType = text.plist.xml; path = Info.plist; sourceTree = "<group>"; };
		06EF3B9722227B000050DDA7 /* Util.swift */ = {isa = PBXFileReference; lastKnownFileType = sourcecode.swift; path = Util.swift; sourceTree = "<group>"; };
		06EF3B9A22228A7B0050DDA7 /* Filter.swift */ = {isa = PBXFileReference; lastKnownFileType = sourcecode.swift; path = Filter.swift; sourceTree = "<group>"; };
		06EF3B9C22228D0A0050DDA7 /* PickViewController.swift */ = {isa = PBXFileReference; lastKnownFileType = sourcecode.swift; path = PickViewController.swift; sourceTree = "<group>"; };
		15DE2B2B8157166DE5ABE194 /* Pods_iOS_todoAppUITests.framework */ = {isa = PBXFileReference; explicitFileType = wrapper.framework; includeInIndex = 0; path = Pods_iOS_todoAppUITests.framework; sourceTree = BUILT_PRODUCTS_DIR; };
		34A103B392AB6F4B11E1018C /* Pods-iOS-todoApp.release.xcconfig */ = {isa = PBXFileReference; includeInIndex = 1; lastKnownFileType = text.xcconfig; name = "Pods-iOS-todoApp.release.xcconfig"; path = "Pods/Target Support Files/Pods-iOS-todoApp/Pods-iOS-todoApp.release.xcconfig"; sourceTree = "<group>"; };
		4AD4C0A416B5D0858BF7B25D /* Pods-iOS-todoAppTests.debug.xcconfig */ = {isa = PBXFileReference; includeInIndex = 1; lastKnownFileType = text.xcconfig; name = "Pods-iOS-todoAppTests.debug.xcconfig"; path = "Pods/Target Support Files/Pods-iOS-todoAppTests/Pods-iOS-todoAppTests.debug.xcconfig"; sourceTree = "<group>"; };
		59BB2B94944ACCD11E9317C2 /* Pods-iOS-todoApp.debug.xcconfig */ = {isa = PBXFileReference; includeInIndex = 1; lastKnownFileType = text.xcconfig; name = "Pods-iOS-todoApp.debug.xcconfig"; path = "Pods/Target Support Files/Pods-iOS-todoApp/Pods-iOS-todoApp.debug.xcconfig"; sourceTree = "<group>"; };
		7043859AE10F5D18853DC454 /* Pods-iOS-todoAppTests.release.xcconfig */ = {isa = PBXFileReference; includeInIndex = 1; lastKnownFileType = text.xcconfig; name = "Pods-iOS-todoAppTests.release.xcconfig"; path = "Pods/Target Support Files/Pods-iOS-todoAppTests/Pods-iOS-todoAppTests.release.xcconfig"; sourceTree = "<group>"; };
		78BB21FF9DEC37AA2211A431 /* Pods_iOS_todoAppTests.framework */ = {isa = PBXFileReference; explicitFileType = wrapper.framework; includeInIndex = 0; path = Pods_iOS_todoAppTests.framework; sourceTree = BUILT_PRODUCTS_DIR; };
		8B75E27004A12967F0954A4B /* Pods-iOS-todoAppUITests.debug.xcconfig */ = {isa = PBXFileReference; includeInIndex = 1; lastKnownFileType = text.xcconfig; name = "Pods-iOS-todoAppUITests.debug.xcconfig"; path = "Pods/Target Support Files/Pods-iOS-todoAppUITests/Pods-iOS-todoAppUITests.debug.xcconfig"; sourceTree = "<group>"; };
		8C2C549247B1BB0269363B0F /* Pods-iOS-todoAppUITests.release.xcconfig */ = {isa = PBXFileReference; includeInIndex = 1; lastKnownFileType = text.xcconfig; name = "Pods-iOS-todoAppUITests.release.xcconfig"; path = "Pods/Target Support Files/Pods-iOS-todoAppUITests/Pods-iOS-todoAppUITests.release.xcconfig"; sourceTree = "<group>"; };
		B112E05EAE1491612BEFEA2C /* Pods_iOS_todoApp.framework */ = {isa = PBXFileReference; explicitFileType = wrapper.framework; includeInIndex = 0; path = Pods_iOS_todoApp.framework; sourceTree = BUILT_PRODUCTS_DIR; };
/* End PBXFileReference section */

/* Begin PBXFrameworksBuildPhase section */
		06CCE1E321AACA8D00A63088 /* Frameworks */ = {
			isa = PBXFrameworksBuildPhase;
			buildActionMask = 2147483647;
			files = (
				B900AD440FA8E310450DD64B /* Pods_iOS_todoApp.framework in Frameworks */,
			);
			runOnlyForDeploymentPostprocessing = 0;
		};
		06CCE1FA21AACA9000A63088 /* Frameworks */ = {
			isa = PBXFrameworksBuildPhase;
			buildActionMask = 2147483647;
			files = (
				0206531AEAFB99CB16FB714A /* Pods_iOS_todoAppTests.framework in Frameworks */,
			);
			runOnlyForDeploymentPostprocessing = 0;
		};
		06CCE20521AACA9000A63088 /* Frameworks */ = {
			isa = PBXFrameworksBuildPhase;
			buildActionMask = 2147483647;
			files = (
				F59BE9A041308927B7BC6074 /* Pods_iOS_todoAppUITests.framework in Frameworks */,
			);
			runOnlyForDeploymentPostprocessing = 0;
		};
/* End PBXFrameworksBuildPhase section */

/* Begin PBXGroup section */
		06958147222AC9FE0084B924 /* RestaurantListController */ = {
			isa = PBXGroup;
			children = (
				06958148222ACA520084B924 /* RestaurantListController.swift */,
			);
			path = RestaurantListController;
			sourceTree = "<group>";
		};
		0695814C222ADEDF0084B924 /* PickResultController */ = {
			isa = PBXGroup;
			children = (
				0695814D222AE3A00084B924 /* PickResultController.swift */,
			);
			path = PickResultController;
			sourceTree = "<group>";
		};
		06958151222BD1990084B924 /* CoreData */ = {
			isa = PBXGroup;
			children = (
				06958152222BD1B10084B924 /* RestuarantDAO.swift */,
			);
			path = CoreData;
			sourceTree = "<group>";
		};
		06B19F0422182CD70003995B /* Model */ = {
			isa = PBXGroup;
			children = (
			);
			path = Model;
			sourceTree = "<group>";
		};
		06B19F0522182D0A0003995B /* ViewModel */ = {
			isa = PBXGroup;
			children = (
			);
			path = ViewModel;
			sourceTree = "<group>";
		};
		06B19F0622182D110003995B /* ViewController */ = {
			isa = PBXGroup;
			children = (
			);
			path = ViewController;
			sourceTree = "<group>";
		};
		06B19F0722182D2D0003995B /* PostViewController */ = {
			isa = PBXGroup;
			children = (
				06B19F0822182DE20003995B /* PostRestaurantViewController.swift */,
				06B19F0E22182FBA0003995B /* RestaurantModel.swift */,
			);
			path = PostViewController;
			sourceTree = "<group>";
		};
		06B19F0A22182ED10003995B /* Base */ = {
			isa = PBXGroup;
			children = (
				06B19F0C22182F280003995B /* BaseViewController.swift */,
				06EF3B9722227B000050DDA7 /* Util.swift */,
				0695814A222ACE440084B924 /* BaseTableCell.swift */,
			);
			path = Base;
			sourceTree = "<group>";
		};
		06CCE1DD21AACA8D00A63088 = {
			isa = PBXGroup;
			children = (
				06CCE1E821AACA8D00A63088 /* iOS-todoApp */,
				06CCE20021AACA9000A63088 /* iOS-todoAppTests */,
				06CCE20B21AACA9000A63088 /* iOS-todoAppUITests */,
				06CCE1E721AACA8D00A63088 /* Products */,
				FF1809DD20DC55774A1FA925 /* Pods */,
				85AD4C3E19858438C1BF23B2 /* Frameworks */,
			);
			sourceTree = "<group>";
		};
		06CCE1E721AACA8D00A63088 /* Products */ = {
			isa = PBXGroup;
			children = (
				06CCE1E621AACA8D00A63088 /* iOS-todoApp.app */,
				06CCE1FD21AACA9000A63088 /* iOS-todoAppTests.xctest */,
				06CCE20821AACA9000A63088 /* iOS-todoAppUITests.xctest */,
			);
			name = Products;
			sourceTree = "<group>";
		};
		06CCE1E821AACA8D00A63088 /* iOS-todoApp */ = {
			isa = PBXGroup;
			children = (
				06958151222BD1990084B924 /* CoreData */,
				0695814C222ADEDF0084B924 /* PickResultController */,
				06958147222AC9FE0084B924 /* RestaurantListController */,
				06EF3B9922228A5F0050DDA7 /* PickViewController */,
				06B19F0A22182ED10003995B /* Base */,
				06B19F0722182D2D0003995B /* PostViewController */,
				06B19F0622182D110003995B /* ViewController */,
				06B19F0522182D0A0003995B /* ViewModel */,
				06B19F0422182CD70003995B /* Model */,
				06CCE1E921AACA8D00A63088 /* AppDelegate.swift */,
				06CCE1EB21AACA8D00A63088 /* ViewController.swift */,
				06CCE1F321AACA8F00A63088 /* Assets.xcassets */,
				06CCE1F521AACA8F00A63088 /* LaunchScreen.storyboard */,
				06CCE1F821AACA8F00A63088 /* Info.plist */,
				06CCE1F021AACA8D00A63088 /* iOS_todoApp.xcdatamodeld */,
				0659E2EF21B2C60B003E753E /* ViewModel.swift */,
				0659E2F121B3BFBB003E753E /* LoginViewController.swift */,
				0659E2F321B3C31F003E753E /* APIService.swift */,
				0659E2F521B3D4A5003E753E /* TableViewController.swift */,
				0659E2F721B41143003E753E /* CodeBlock.swift */,
				062DD05221C28B0A007B09DB /* Moya.swift */,
			);
			path = "iOS-todoApp";
			sourceTree = "<group>";
		};
		06CCE20021AACA9000A63088 /* iOS-todoAppTests */ = {
			isa = PBXGroup;
			children = (
				06CCE20121AACA9000A63088 /* iOS_todoAppTests.swift */,
				06CCE20321AACA9000A63088 /* Info.plist */,
			);
			path = "iOS-todoAppTests";
			sourceTree = "<group>";
		};
		06CCE20B21AACA9000A63088 /* iOS-todoAppUITests */ = {
			isa = PBXGroup;
			children = (
				06CCE20C21AACA9000A63088 /* iOS_todoAppUITests.swift */,
				06CCE20E21AACA9000A63088 /* Info.plist */,
			);
			path = "iOS-todoAppUITests";
			sourceTree = "<group>";
		};
		06EF3B9922228A5F0050DDA7 /* PickViewController */ = {
			isa = PBXGroup;
			children = (
				06EF3B9A22228A7B0050DDA7 /* Filter.swift */,
				06EF3B9C22228D0A0050DDA7 /* PickViewController.swift */,
			);
			path = PickViewController;
			sourceTree = "<group>";
		};
		85AD4C3E19858438C1BF23B2 /* Frameworks */ = {
			isa = PBXGroup;
			children = (
				B112E05EAE1491612BEFEA2C /* Pods_iOS_todoApp.framework */,
				78BB21FF9DEC37AA2211A431 /* Pods_iOS_todoAppTests.framework */,
				15DE2B2B8157166DE5ABE194 /* Pods_iOS_todoAppUITests.framework */,
			);
			name = Frameworks;
			sourceTree = "<group>";
		};
		FF1809DD20DC55774A1FA925 /* Pods */ = {
			isa = PBXGroup;
			children = (
				59BB2B94944ACCD11E9317C2 /* Pods-iOS-todoApp.debug.xcconfig */,
				34A103B392AB6F4B11E1018C /* Pods-iOS-todoApp.release.xcconfig */,
				4AD4C0A416B5D0858BF7B25D /* Pods-iOS-todoAppTests.debug.xcconfig */,
				7043859AE10F5D18853DC454 /* Pods-iOS-todoAppTests.release.xcconfig */,
				8B75E27004A12967F0954A4B /* Pods-iOS-todoAppUITests.debug.xcconfig */,
				8C2C549247B1BB0269363B0F /* Pods-iOS-todoAppUITests.release.xcconfig */,
			);
			name = Pods;
			sourceTree = "<group>";
		};
/* End PBXGroup section */

/* Begin PBXNativeTarget section */
		06CCE1E521AACA8D00A63088 /* iOS-todoApp */ = {
			isa = PBXNativeTarget;
			buildConfigurationList = 06CCE21121AACA9000A63088 /* Build configuration list for PBXNativeTarget "iOS-todoApp" */;
			buildPhases = (
				75B500072BB2D57D1E78895B /* [CP] Check Pods Manifest.lock */,
				06CCE1E221AACA8D00A63088 /* Sources */,
				06CCE1E321AACA8D00A63088 /* Frameworks */,
				06CCE1E421AACA8D00A63088 /* Resources */,
				B0FCB414119643A914308D21 /* [CP] Embed Pods Frameworks */,
			);
			buildRules = (
			);
			dependencies = (
			);
			name = "iOS-todoApp";
			productName = "iOS-todoApp";
			productReference = 06CCE1E621AACA8D00A63088 /* iOS-todoApp.app */;
			productType = "com.apple.product-type.application";
		};
		06CCE1FC21AACA9000A63088 /* iOS-todoAppTests */ = {
			isa = PBXNativeTarget;
			buildConfigurationList = 06CCE21421AACA9000A63088 /* Build configuration list for PBXNativeTarget "iOS-todoAppTests" */;
			buildPhases = (
				C9B93082159FD5CFB45212ED /* [CP] Check Pods Manifest.lock */,
				06CCE1F921AACA9000A63088 /* Sources */,
				06CCE1FA21AACA9000A63088 /* Frameworks */,
				06CCE1FB21AACA9000A63088 /* Resources */,
				8DC566325FEC03A139A459CF /* [CP] Embed Pods Frameworks */,
			);
			buildRules = (
			);
			dependencies = (
				06CCE1FF21AACA9000A63088 /* PBXTargetDependency */,
			);
			name = "iOS-todoAppTests";
			productName = "iOS-todoAppTests";
			productReference = 06CCE1FD21AACA9000A63088 /* iOS-todoAppTests.xctest */;
			productType = "com.apple.product-type.bundle.unit-test";
		};
		06CCE20721AACA9000A63088 /* iOS-todoAppUITests */ = {
			isa = PBXNativeTarget;
			buildConfigurationList = 06CCE21721AACA9000A63088 /* Build configuration list for PBXNativeTarget "iOS-todoAppUITests" */;
			buildPhases = (
				B506E5B911ED85AFED3917CE /* [CP] Check Pods Manifest.lock */,
				06CCE20421AACA9000A63088 /* Sources */,
				06CCE20521AACA9000A63088 /* Frameworks */,
				06CCE20621AACA9000A63088 /* Resources */,
				DEAA3D7C92E515BBB11B4826 /* [CP] Embed Pods Frameworks */,
			);
			buildRules = (
			);
			dependencies = (
				06CCE20A21AACA9000A63088 /* PBXTargetDependency */,
			);
			name = "iOS-todoAppUITests";
			productName = "iOS-todoAppUITests";
			productReference = 06CCE20821AACA9000A63088 /* iOS-todoAppUITests.xctest */;
			productType = "com.apple.product-type.bundle.ui-testing";
		};
/* End PBXNativeTarget section */

/* Begin PBXProject section */
		06CCE1DE21AACA8D00A63088 /* Project object */ = {
			isa = PBXProject;
			attributes = {
				LastSwiftUpdateCheck = 1010;
				LastUpgradeCheck = 1010;
				ORGANIZATIONNAME = "조세상";
				TargetAttributes = {
					06CCE1E521AACA8D00A63088 = {
						CreatedOnToolsVersion = 10.1;
					};
					06CCE1FC21AACA9000A63088 = {
						CreatedOnToolsVersion = 10.1;
						ProvisioningStyle = Manual;
						TestTargetID = 06CCE1E521AACA8D00A63088;
					};
					06CCE20721AACA9000A63088 = {
						CreatedOnToolsVersion = 10.1;
						ProvisioningStyle = Manual;
						TestTargetID = 06CCE1E521AACA8D00A63088;
					};
				};
			};
			buildConfigurationList = 06CCE1E121AACA8D00A63088 /* Build configuration list for PBXProject "iOS-todoApp" */;
			compatibilityVersion = "Xcode 9.3";
			developmentRegion = en;
			hasScannedForEncodings = 0;
			knownRegions = (
				en,
				Base,
			);
			mainGroup = 06CCE1DD21AACA8D00A63088;
			productRefGroup = 06CCE1E721AACA8D00A63088 /* Products */;
			projectDirPath = "";
			projectRoot = "";
			targets = (
				06CCE1E521AACA8D00A63088 /* iOS-todoApp */,
				06CCE1FC21AACA9000A63088 /* iOS-todoAppTests */,
				06CCE20721AACA9000A63088 /* iOS-todoAppUITests */,
			);
		};
/* End PBXProject section */

/* Begin PBXResourcesBuildPhase section */
		06CCE1E421AACA8D00A63088 /* Resources */ = {
			isa = PBXResourcesBuildPhase;
			buildActionMask = 2147483647;
			files = (
				06CCE1F721AACA8F00A63088 /* LaunchScreen.storyboard in Resources */,
				06CCE1F421AACA8F00A63088 /* Assets.xcassets in Resources */,
			);
			runOnlyForDeploymentPostprocessing = 0;
		};
		06CCE1FB21AACA9000A63088 /* Resources */ = {
			isa = PBXResourcesBuildPhase;
			buildActionMask = 2147483647;
			files = (
			);
			runOnlyForDeploymentPostprocessing = 0;
		};
		06CCE20621AACA9000A63088 /* Resources */ = {
			isa = PBXResourcesBuildPhase;
			buildActionMask = 2147483647;
			files = (
			);
			runOnlyForDeploymentPostprocessing = 0;
		};
/* End PBXResourcesBuildPhase section */

/* Begin PBXShellScriptBuildPhase section */
		75B500072BB2D57D1E78895B /* [CP] Check Pods Manifest.lock */ = {
			isa = PBXShellScriptBuildPhase;
			buildActionMask = 2147483647;
			files = (
			);
			inputFileListPaths = (
			);
			inputPaths = (
				"${PODS_PODFILE_DIR_PATH}/Podfile.lock",
				"${PODS_ROOT}/Manifest.lock",
			);
			name = "[CP] Check Pods Manifest.lock";
			outputFileListPaths = (
			);
			outputPaths = (
				"$(DERIVED_FILE_DIR)/Pods-iOS-todoApp-checkManifestLockResult.txt",
			);
			runOnlyForDeploymentPostprocessing = 0;
			shellPath = /bin/sh;
			shellScript = "diff \"${PODS_PODFILE_DIR_PATH}/Podfile.lock\" \"${PODS_ROOT}/Manifest.lock\" > /dev/null\nif [ $? != 0 ] ; then\n    # print error to STDERR\n    echo \"error: The sandbox is not in sync with the Podfile.lock. Run 'pod install' or update your CocoaPods installation.\" >&2\n    exit 1\nfi\n# This output is used by Xcode 'outputs' to avoid re-running this script phase.\necho \"SUCCESS\" > \"${SCRIPT_OUTPUT_FILE_0}\"\n";
			showEnvVarsInLog = 0;
		};
		8DC566325FEC03A139A459CF /* [CP] Embed Pods Frameworks */ = {
			isa = PBXShellScriptBuildPhase;
			buildActionMask = 2147483647;
			files = (
			);
			inputFileListPaths = (
			);
			inputPaths = (
				"${SRCROOT}/Pods/Target Support Files/Pods-iOS-todoAppTests/Pods-iOS-todoAppTests-frameworks.sh",
				"${BUILT_PRODUCTS_DIR}/RxAtomic/RxAtomic.framework",
				"${BUILT_PRODUCTS_DIR}/RxSwift/RxSwift.framework",
				"${BUILT_PRODUCTS_DIR}/RxBlocking/RxBlocking.framework",
				"${BUILT_PRODUCTS_DIR}/RxTest/RxTest.framework",
			);
			name = "[CP] Embed Pods Frameworks";
			outputFileListPaths = (
			);
			outputPaths = (
				"${TARGET_BUILD_DIR}/${FRAMEWORKS_FOLDER_PATH}/RxAtomic.framework",
				"${TARGET_BUILD_DIR}/${FRAMEWORKS_FOLDER_PATH}/RxSwift.framework",
				"${TARGET_BUILD_DIR}/${FRAMEWORKS_FOLDER_PATH}/RxBlocking.framework",
				"${TARGET_BUILD_DIR}/${FRAMEWORKS_FOLDER_PATH}/RxTest.framework",
			);
			runOnlyForDeploymentPostprocessing = 0;
			shellPath = /bin/sh;
			shellScript = "\"${SRCROOT}/Pods/Target Support Files/Pods-iOS-todoAppTests/Pods-iOS-todoAppTests-frameworks.sh\"\n";
			showEnvVarsInLog = 0;
		};
		B0FCB414119643A914308D21 /* [CP] Embed Pods Frameworks */ = {
			isa = PBXShellScriptBuildPhase;
			buildActionMask = 2147483647;
			files = (
			);
			inputFileListPaths = (
			);
			inputPaths = (
				"${SRCROOT}/Pods/Target Support Files/Pods-iOS-todoApp/Pods-iOS-todoApp-frameworks.sh",
				"${BUILT_PRODUCTS_DIR}/Action/Action.framework",
				"${BUILT_PRODUCTS_DIR}/Alamofire/Alamofire.framework",
				"${BUILT_PRODUCTS_DIR}/Cache/Cache.framework",
				"${BUILT_PRODUCTS_DIR}/Differentiator/Differentiator.framework",
				"${BUILT_PRODUCTS_DIR}/Moya/Moya.framework",
				"${BUILT_PRODUCTS_DIR}/Result/Result.framework",
				"${BUILT_PRODUCTS_DIR}/RxAtomic/RxAtomic.framework",
				"${BUILT_PRODUCTS_DIR}/RxCocoa/RxCocoa.framework",
				"${BUILT_PRODUCTS_DIR}/RxDataSources/RxDataSources.framework",
				"${BUILT_PRODUCTS_DIR}/RxKeyboard/RxKeyboard.framework",
				"${BUILT_PRODUCTS_DIR}/RxOptional/RxOptional.framework",
				"${BUILT_PRODUCTS_DIR}/RxSwift/RxSwift.framework",
				"${BUILT_PRODUCTS_DIR}/RxSwiftExt/RxSwiftExt.framework",
				"${BUILT_PRODUCTS_DIR}/RxViewController/RxViewController.framework",
				"${BUILT_PRODUCTS_DIR}/SnapKit/SnapKit.framework",
				"${BUILT_PRODUCTS_DIR}/SwiftyJSON/SwiftyJSON.framework",
			);
			name = "[CP] Embed Pods Frameworks";
			outputFileListPaths = (
			);
			outputPaths = (
				"${TARGET_BUILD_DIR}/${FRAMEWORKS_FOLDER_PATH}/Action.framework",
				"${TARGET_BUILD_DIR}/${FRAMEWORKS_FOLDER_PATH}/Alamofire.framework",
				"${TARGET_BUILD_DIR}/${FRAMEWORKS_FOLDER_PATH}/Cache.framework",
				"${TARGET_BUILD_DIR}/${FRAMEWORKS_FOLDER_PATH}/Differentiator.framework",
				"${TARGET_BUILD_DIR}/${FRAMEWORKS_FOLDER_PATH}/Moya.framework",
				"${TARGET_BUILD_DIR}/${FRAMEWORKS_FOLDER_PATH}/Result.framework",
				"${TARGET_BUILD_DIR}/${FRAMEWORKS_FOLDER_PATH}/RxAtomic.framework",
				"${TARGET_BUILD_DIR}/${FRAMEWORKS_FOLDER_PATH}/RxCocoa.framework",
				"${TARGET_BUILD_DIR}/${FRAMEWORKS_FOLDER_PATH}/RxDataSources.framework",
				"${TARGET_BUILD_DIR}/${FRAMEWORKS_FOLDER_PATH}/RxKeyboard.framework",
				"${TARGET_BUILD_DIR}/${FRAMEWORKS_FOLDER_PATH}/RxOptional.framework",
				"${TARGET_BUILD_DIR}/${FRAMEWORKS_FOLDER_PATH}/RxSwift.framework",
				"${TARGET_BUILD_DIR}/${FRAMEWORKS_FOLDER_PATH}/RxSwiftExt.framework",
				"${TARGET_BUILD_DIR}/${FRAMEWORKS_FOLDER_PATH}/RxViewController.framework",
				"${TARGET_BUILD_DIR}/${FRAMEWORKS_FOLDER_PATH}/SnapKit.framework",
				"${TARGET_BUILD_DIR}/${FRAMEWORKS_FOLDER_PATH}/SwiftyJSON.framework",
			);
			runOnlyForDeploymentPostprocessing = 0;
			shellPath = /bin/sh;
			shellScript = "\"${SRCROOT}/Pods/Target Support Files/Pods-iOS-todoApp/Pods-iOS-todoApp-frameworks.sh\"\n";
			showEnvVarsInLog = 0;
		};
		B506E5B911ED85AFED3917CE /* [CP] Check Pods Manifest.lock */ = {
			isa = PBXShellScriptBuildPhase;
			buildActionMask = 2147483647;
			files = (
			);
			inputFileListPaths = (
			);
			inputPaths = (
				"${PODS_PODFILE_DIR_PATH}/Podfile.lock",
				"${PODS_ROOT}/Manifest.lock",
			);
			name = "[CP] Check Pods Manifest.lock";
			outputFileListPaths = (
			);
			outputPaths = (
				"$(DERIVED_FILE_DIR)/Pods-iOS-todoAppUITests-checkManifestLockResult.txt",
			);
			runOnlyForDeploymentPostprocessing = 0;
			shellPath = /bin/sh;
			shellScript = "diff \"${PODS_PODFILE_DIR_PATH}/Podfile.lock\" \"${PODS_ROOT}/Manifest.lock\" > /dev/null\nif [ $? != 0 ] ; then\n    # print error to STDERR\n    echo \"error: The sandbox is not in sync with the Podfile.lock. Run 'pod install' or update your CocoaPods installation.\" >&2\n    exit 1\nfi\n# This output is used by Xcode 'outputs' to avoid re-running this script phase.\necho \"SUCCESS\" > \"${SCRIPT_OUTPUT_FILE_0}\"\n";
			showEnvVarsInLog = 0;
		};
		C9B93082159FD5CFB45212ED /* [CP] Check Pods Manifest.lock */ = {
			isa = PBXShellScriptBuildPhase;
			buildActionMask = 2147483647;
			files = (
			);
			inputFileListPaths = (
			);
			inputPaths = (
				"${PODS_PODFILE_DIR_PATH}/Podfile.lock",
				"${PODS_ROOT}/Manifest.lock",
			);
			name = "[CP] Check Pods Manifest.lock";
			outputFileListPaths = (
			);
			outputPaths = (
				"$(DERIVED_FILE_DIR)/Pods-iOS-todoAppTests-checkManifestLockResult.txt",
			);
			runOnlyForDeploymentPostprocessing = 0;
			shellPath = /bin/sh;
			shellScript = "diff \"${PODS_PODFILE_DIR_PATH}/Podfile.lock\" \"${PODS_ROOT}/Manifest.lock\" > /dev/null\nif [ $? != 0 ] ; then\n    # print error to STDERR\n    echo \"error: The sandbox is not in sync with the Podfile.lock. Run 'pod install' or update your CocoaPods installation.\" >&2\n    exit 1\nfi\n# This output is used by Xcode 'outputs' to avoid re-running this script phase.\necho \"SUCCESS\" > \"${SCRIPT_OUTPUT_FILE_0}\"\n";
			showEnvVarsInLog = 0;
		};
		DEAA3D7C92E515BBB11B4826 /* [CP] Embed Pods Frameworks */ = {
			isa = PBXShellScriptBuildPhase;
			buildActionMask = 2147483647;
			files = (
			);
			inputFileListPaths = (
			);
			inputPaths = (
				"${SRCROOT}/Pods/Target Support Files/Pods-iOS-todoAppUITests/Pods-iOS-todoAppUITests-frameworks.sh",
				"${BUILT_PRODUCTS_DIR}/RxAtomic/RxAtomic.framework",
				"${BUILT_PRODUCTS_DIR}/RxSwift/RxSwift.framework",
				"${BUILT_PRODUCTS_DIR}/RxBlocking/RxBlocking.framework",
				"${BUILT_PRODUCTS_DIR}/RxTest/RxTest.framework",
			);
			name = "[CP] Embed Pods Frameworks";
			outputFileListPaths = (
			);
			outputPaths = (
				"${TARGET_BUILD_DIR}/${FRAMEWORKS_FOLDER_PATH}/RxAtomic.framework",
				"${TARGET_BUILD_DIR}/${FRAMEWORKS_FOLDER_PATH}/RxSwift.framework",
				"${TARGET_BUILD_DIR}/${FRAMEWORKS_FOLDER_PATH}/RxBlocking.framework",
				"${TARGET_BUILD_DIR}/${FRAMEWORKS_FOLDER_PATH}/RxTest.framework",
			);
			runOnlyForDeploymentPostprocessing = 0;
			shellPath = /bin/sh;
			shellScript = "\"${SRCROOT}/Pods/Target Support Files/Pods-iOS-todoAppUITests/Pods-iOS-todoAppUITests-frameworks.sh\"\n";
			showEnvVarsInLog = 0;
		};
/* End PBXShellScriptBuildPhase section */

/* Begin PBXSourcesBuildPhase section */
		06CCE1E221AACA8D00A63088 /* Sources */ = {
			isa = PBXSourcesBuildPhase;
			buildActionMask = 2147483647;
			files = (
				0659E2F821B41143003E753E /* CodeBlock.swift in Sources */,
				0695814E222AE3A00084B924 /* PickResultController.swift in Sources */,
				06958153222BD1B10084B924 /* RestuarantDAO.swift in Sources */,
				062DD05321C28B0A007B09DB /* Moya.swift in Sources */,
				06958149222ACA520084B924 /* RestaurantListController.swift in Sources */,
				06B19F0D22182F280003995B /* BaseViewController.swift in Sources */,
				06EF3B9D22228D0A0050DDA7 /* PickViewController.swift in Sources */,
				06CCE1EC21AACA8D00A63088 /* ViewController.swift in Sources */,
				0659E2F621B3D4A5003E753E /* TableViewController.swift in Sources */,
				06B19F0922182DE20003995B /* PostRestaurantViewController.swift in Sources */,
				06CCE1F221AACA8D00A63088 /* iOS_todoApp.xcdatamodeld in Sources */,
				06EF3B9B22228A7B0050DDA7 /* Filter.swift in Sources */,
				06EF3B9822227B000050DDA7 /* Util.swift in Sources */,
				0659E2F021B2C60B003E753E /* ViewModel.swift in Sources */,
				0659E2F221B3BFBB003E753E /* LoginViewController.swift in Sources */,
				0659E2F421B3C31F003E753E /* APIService.swift in Sources */,
				0695814B222ACE440084B924 /* BaseTableCell.swift in Sources */,
				06B19F0F22182FBA0003995B /* RestaurantModel.swift in Sources */,
				06CCE1EA21AACA8D00A63088 /* AppDelegate.swift in Sources */,
			);
			runOnlyForDeploymentPostprocessing = 0;
		};
		06CCE1F921AACA9000A63088 /* Sources */ = {
			isa = PBXSourcesBuildPhase;
			buildActionMask = 2147483647;
			files = (
				06CCE20221AACA9000A63088 /* iOS_todoAppTests.swift in Sources */,
			);
			runOnlyForDeploymentPostprocessing = 0;
		};
		06CCE20421AACA9000A63088 /* Sources */ = {
			isa = PBXSourcesBuildPhase;
			buildActionMask = 2147483647;
			files = (
				06CCE20D21AACA9000A63088 /* iOS_todoAppUITests.swift in Sources */,
			);
			runOnlyForDeploymentPostprocessing = 0;
		};
/* End PBXSourcesBuildPhase section */

/* Begin PBXTargetDependency section */
		06CCE1FF21AACA9000A63088 /* PBXTargetDependency */ = {
			isa = PBXTargetDependency;
			target = 06CCE1E521AACA8D00A63088 /* iOS-todoApp */;
			targetProxy = 06CCE1FE21AACA9000A63088 /* PBXContainerItemProxy */;
		};
		06CCE20A21AACA9000A63088 /* PBXTargetDependency */ = {
			isa = PBXTargetDependency;
			target = 06CCE1E521AACA8D00A63088 /* iOS-todoApp */;
			targetProxy = 06CCE20921AACA9000A63088 /* PBXContainerItemProxy */;
		};
/* End PBXTargetDependency section */

/* Begin PBXVariantGroup section */
		06CCE1F521AACA8F00A63088 /* LaunchScreen.storyboard */ = {
			isa = PBXVariantGroup;
			children = (
				06CCE1F621AACA8F00A63088 /* Base */,
			);
			name = LaunchScreen.storyboard;
			sourceTree = "<group>";
		};
/* End PBXVariantGroup section */

/* Begin XCBuildConfiguration section */
		06CCE20F21AACA9000A63088 /* Debug */ = {
			isa = XCBuildConfiguration;
			buildSettings = {
				ALWAYS_SEARCH_USER_PATHS = NO;
				CLANG_ANALYZER_NONNULL = YES;
				CLANG_ANALYZER_NUMBER_OBJECT_CONVERSION = YES_AGGRESSIVE;
				CLANG_CXX_LANGUAGE_STANDARD = "gnu++14";
				CLANG_CXX_LIBRARY = "libc++";
				CLANG_ENABLE_MODULES = YES;
				CLANG_ENABLE_OBJC_ARC = YES;
				CLANG_ENABLE_OBJC_WEAK = YES;
				CLANG_WARN_BLOCK_CAPTURE_AUTORELEASING = YES;
				CLANG_WARN_BOOL_CONVERSION = YES;
				CLANG_WARN_COMMA = YES;
				CLANG_WARN_CONSTANT_CONVERSION = YES;
				CLANG_WARN_DEPRECATED_OBJC_IMPLEMENTATIONS = YES;
				CLANG_WARN_DIRECT_OBJC_ISA_USAGE = YES_ERROR;
				CLANG_WARN_DOCUMENTATION_COMMENTS = YES;
				CLANG_WARN_EMPTY_BODY = YES;
				CLANG_WARN_ENUM_CONVERSION = YES;
				CLANG_WARN_INFINITE_RECURSION = YES;
				CLANG_WARN_INT_CONVERSION = YES;
				CLANG_WARN_NON_LITERAL_NULL_CONVERSION = YES;
				CLANG_WARN_OBJC_IMPLICIT_RETAIN_SELF = YES;
				CLANG_WARN_OBJC_LITERAL_CONVERSION = YES;
				CLANG_WARN_OBJC_ROOT_CLASS = YES_ERROR;
				CLANG_WARN_RANGE_LOOP_ANALYSIS = YES;
				CLANG_WARN_STRICT_PROTOTYPES = YES;
				CLANG_WARN_SUSPICIOUS_MOVE = YES;
				CLANG_WARN_UNGUARDED_AVAILABILITY = YES_AGGRESSIVE;
				CLANG_WARN_UNREACHABLE_CODE = YES;
				CLANG_WARN__DUPLICATE_METHOD_MATCH = YES;
				CODE_SIGN_IDENTITY = "iPhone Developer";
				COPY_PHASE_STRIP = NO;
				DEBUG_INFORMATION_FORMAT = dwarf;
				ENABLE_STRICT_OBJC_MSGSEND = YES;
				ENABLE_TESTABILITY = YES;
				GCC_C_LANGUAGE_STANDARD = gnu11;
				GCC_DYNAMIC_NO_PIC = NO;
				GCC_NO_COMMON_BLOCKS = YES;
				GCC_OPTIMIZATION_LEVEL = 0;
				GCC_PREPROCESSOR_DEFINITIONS = (
					"DEBUG=1",
					"$(inherited)",
				);
				GCC_WARN_64_TO_32_BIT_CONVERSION = YES;
				GCC_WARN_ABOUT_RETURN_TYPE = YES_ERROR;
				GCC_WARN_UNDECLARED_SELECTOR = YES;
				GCC_WARN_UNINITIALIZED_AUTOS = YES_AGGRESSIVE;
				GCC_WARN_UNUSED_FUNCTION = YES;
				GCC_WARN_UNUSED_VARIABLE = YES;
				IPHONEOS_DEPLOYMENT_TARGET = 12.1;
				MTL_ENABLE_DEBUG_INFO = INCLUDE_SOURCE;
				MTL_FAST_MATH = YES;
				ONLY_ACTIVE_ARCH = YES;
				SDKROOT = iphoneos;
				SWIFT_ACTIVE_COMPILATION_CONDITIONS = DEBUG;
				SWIFT_OPTIMIZATION_LEVEL = "-Onone";
			};
			name = Debug;
		};
		06CCE21021AACA9000A63088 /* Release */ = {
			isa = XCBuildConfiguration;
			buildSettings = {
				ALWAYS_SEARCH_USER_PATHS = NO;
				CLANG_ANALYZER_NONNULL = YES;
				CLANG_ANALYZER_NUMBER_OBJECT_CONVERSION = YES_AGGRESSIVE;
				CLANG_CXX_LANGUAGE_STANDARD = "gnu++14";
				CLANG_CXX_LIBRARY = "libc++";
				CLANG_ENABLE_MODULES = YES;
				CLANG_ENABLE_OBJC_ARC = YES;
				CLANG_ENABLE_OBJC_WEAK = YES;
				CLANG_WARN_BLOCK_CAPTURE_AUTORELEASING = YES;
				CLANG_WARN_BOOL_CONVERSION = YES;
				CLANG_WARN_COMMA = YES;
				CLANG_WARN_CONSTANT_CONVERSION = YES;
				CLANG_WARN_DEPRECATED_OBJC_IMPLEMENTATIONS = YES;
				CLANG_WARN_DIRECT_OBJC_ISA_USAGE = YES_ERROR;
				CLANG_WARN_DOCUMENTATION_COMMENTS = YES;
				CLANG_WARN_EMPTY_BODY = YES;
				CLANG_WARN_ENUM_CONVERSION = YES;
				CLANG_WARN_INFINITE_RECURSION = YES;
				CLANG_WARN_INT_CONVERSION = YES;
				CLANG_WARN_NON_LITERAL_NULL_CONVERSION = YES;
				CLANG_WARN_OBJC_IMPLICIT_RETAIN_SELF = YES;
				CLANG_WARN_OBJC_LITERAL_CONVERSION = YES;
				CLANG_WARN_OBJC_ROOT_CLASS = YES_ERROR;
				CLANG_WARN_RANGE_LOOP_ANALYSIS = YES;
				CLANG_WARN_STRICT_PROTOTYPES = YES;
				CLANG_WARN_SUSPICIOUS_MOVE = YES;
				CLANG_WARN_UNGUARDED_AVAILABILITY = YES_AGGRESSIVE;
				CLANG_WARN_UNREACHABLE_CODE = YES;
				CLANG_WARN__DUPLICATE_METHOD_MATCH = YES;
				CODE_SIGN_IDENTITY = "iPhone Developer";
				COPY_PHASE_STRIP = NO;
				DEBUG_INFORMATION_FORMAT = "dwarf-with-dsym";
				ENABLE_NS_ASSERTIONS = NO;
				ENABLE_STRICT_OBJC_MSGSEND = YES;
				GCC_C_LANGUAGE_STANDARD = gnu11;
				GCC_NO_COMMON_BLOCKS = YES;
				GCC_WARN_64_TO_32_BIT_CONVERSION = YES;
				GCC_WARN_ABOUT_RETURN_TYPE = YES_ERROR;
				GCC_WARN_UNDECLARED_SELECTOR = YES;
				GCC_WARN_UNINITIALIZED_AUTOS = YES_AGGRESSIVE;
				GCC_WARN_UNUSED_FUNCTION = YES;
				GCC_WARN_UNUSED_VARIABLE = YES;
				IPHONEOS_DEPLOYMENT_TARGET = 12.1;
				MTL_ENABLE_DEBUG_INFO = NO;
				MTL_FAST_MATH = YES;
				SDKROOT = iphoneos;
				SWIFT_COMPILATION_MODE = wholemodule;
				SWIFT_OPTIMIZATION_LEVEL = "-O";
				VALIDATE_PRODUCT = YES;
			};
			name = Release;
		};
		06CCE21221AACA9000A63088 /* Debug */ = {
			isa = XCBuildConfiguration;
			baseConfigurationReference = 59BB2B94944ACCD11E9317C2 /* Pods-iOS-todoApp.debug.xcconfig */;
			buildSettings = {
				ASSETCATALOG_COMPILER_APPICON_NAME = AppIcon;
				CODE_SIGN_IDENTITY = "iPhone Developer";
				CODE_SIGN_STYLE = Automatic;
				DEVELOPMENT_TEAM = 7GDRWN9V7N;
				INFOPLIST_FILE = "iOS-todoApp/Info.plist";
				IPHONEOS_DEPLOYMENT_TARGET = 9.0;
				LD_RUNPATH_SEARCH_PATHS = (
					"$(inherited)",
					"@executable_path/Frameworks",
				);
				PRODUCT_BUNDLE_IDENTIFIER = "sesang06.iOS-todoApp";
				PRODUCT_NAME = "$(TARGET_NAME)";
				PROVISIONING_PROFILE_SPECIFIER = "";
				SWIFT_VERSION = 4.2;
				TARGETED_DEVICE_FAMILY = "1,2";
			};
			name = Debug;
		};
		06CCE21321AACA9000A63088 /* Release */ = {
			isa = XCBuildConfiguration;
			baseConfigurationReference = 34A103B392AB6F4B11E1018C /* Pods-iOS-todoApp.release.xcconfig */;
			buildSettings = {
				ASSETCATALOG_COMPILER_APPICON_NAME = AppIcon;
				CODE_SIGN_IDENTITY = "iPhone Developer";
				CODE_SIGN_STYLE = Automatic;
				DEVELOPMENT_TEAM = 7GDRWN9V7N;
				INFOPLIST_FILE = "iOS-todoApp/Info.plist";
				IPHONEOS_DEPLOYMENT_TARGET = 9.0;
				LD_RUNPATH_SEARCH_PATHS = (
					"$(inherited)",
					"@executable_path/Frameworks",
				);
				PRODUCT_BUNDLE_IDENTIFIER = "sesang06.iOS-todoApp";
				PRODUCT_NAME = "$(TARGET_NAME)";
				PROVISIONING_PROFILE_SPECIFIER = "";
				SWIFT_VERSION = 4.2;
				TARGETED_DEVICE_FAMILY = "1,2";
			};
			name = Release;
		};
		06CCE21521AACA9000A63088 /* Debug */ = {
			isa = XCBuildConfiguration;
			baseConfigurationReference = 4AD4C0A416B5D0858BF7B25D /* Pods-iOS-todoAppTests.debug.xcconfig */;
			buildSettings = {
				ALWAYS_EMBED_SWIFT_STANDARD_LIBRARIES = YES;
				BUNDLE_LOADER = "$(TEST_HOST)";
				CODE_SIGN_STYLE = Manual;
				INFOPLIST_FILE = "iOS-todoAppTests/Info.plist";
				LD_RUNPATH_SEARCH_PATHS = (
					"$(inherited)",
					"@executable_path/Frameworks",
					"@loader_path/Frameworks",
				);
				PRODUCT_BUNDLE_IDENTIFIER = "sesang06.iOS-todoAppTests";
				PRODUCT_NAME = "$(TARGET_NAME)";
				SWIFT_VERSION = 4.2;
				TARGETED_DEVICE_FAMILY = "1,2";
				TEST_HOST = "$(BUILT_PRODUCTS_DIR)/iOS-todoApp.app/iOS-todoApp";
			};
			name = Debug;
		};
		06CCE21621AACA9000A63088 /* Release */ = {
			isa = XCBuildConfiguration;
			baseConfigurationReference = 7043859AE10F5D18853DC454 /* Pods-iOS-todoAppTests.release.xcconfig */;
			buildSettings = {
				ALWAYS_EMBED_SWIFT_STANDARD_LIBRARIES = YES;
				BUNDLE_LOADER = "$(TEST_HOST)";
				CODE_SIGN_STYLE = Manual;
				INFOPLIST_FILE = "iOS-todoAppTests/Info.plist";
				LD_RUNPATH_SEARCH_PATHS = (
					"$(inherited)",
					"@executable_path/Frameworks",
					"@loader_path/Frameworks",
				);
				PRODUCT_BUNDLE_IDENTIFIER = "sesang06.iOS-todoAppTests";
				PRODUCT_NAME = "$(TARGET_NAME)";
				SWIFT_VERSION = 4.2;
				TARGETED_DEVICE_FAMILY = "1,2";
				TEST_HOST = "$(BUILT_PRODUCTS_DIR)/iOS-todoApp.app/iOS-todoApp";
			};
			name = Release;
		};
		06CCE21821AACA9000A63088 /* Debug */ = {
			isa = XCBuildConfiguration;
			baseConfigurationReference = 8B75E27004A12967F0954A4B /* Pods-iOS-todoAppUITests.debug.xcconfig */;
			buildSettings = {
				ALWAYS_EMBED_SWIFT_STANDARD_LIBRARIES = YES;
				CODE_SIGN_STYLE = Manual;
				INFOPLIST_FILE = "iOS-todoAppUITests/Info.plist";
				LD_RUNPATH_SEARCH_PATHS = (
					"$(inherited)",
					"@executable_path/Frameworks",
					"@loader_path/Frameworks",
				);
				PRODUCT_BUNDLE_IDENTIFIER = "sesang06.iOS-todoAppUITests";
				PRODUCT_NAME = "$(TARGET_NAME)";
				SWIFT_VERSION = 4.2;
				TARGETED_DEVICE_FAMILY = "1,2";
				TEST_TARGET_NAME = "iOS-todoApp";
			};
			name = Debug;
		};
		06CCE21921AACA9000A63088 /* Release */ = {
			isa = XCBuildConfiguration;
			baseConfigurationReference = 8C2C549247B1BB0269363B0F /* Pods-iOS-todoAppUITests.release.xcconfig */;
			buildSettings = {
				ALWAYS_EMBED_SWIFT_STANDARD_LIBRARIES = YES;
				CODE_SIGN_STYLE = Manual;
				INFOPLIST_FILE = "iOS-todoAppUITests/Info.plist";
				LD_RUNPATH_SEARCH_PATHS = (
					"$(inherited)",
					"@executable_path/Frameworks",
					"@loader_path/Frameworks",
				);
				PRODUCT_BUNDLE_IDENTIFIER = "sesang06.iOS-todoAppUITests";
				PRODUCT_NAME = "$(TARGET_NAME)";
				SWIFT_VERSION = 4.2;
				TARGETED_DEVICE_FAMILY = "1,2";
				TEST_TARGET_NAME = "iOS-todoApp";
			};
			name = Release;
		};
/* End XCBuildConfiguration section */

/* Begin XCConfigurationList section */
		06CCE1E121AACA8D00A63088 /* Build configuration list for PBXProject "iOS-todoApp" */ = {
			isa = XCConfigurationList;
			buildConfigurations = (
				06CCE20F21AACA9000A63088 /* Debug */,
				06CCE21021AACA9000A63088 /* Release */,
			);
			defaultConfigurationIsVisible = 0;
			defaultConfigurationName = Release;
		};
		06CCE21121AACA9000A63088 /* Build configuration list for PBXNativeTarget "iOS-todoApp" */ = {
			isa = XCConfigurationList;
			buildConfigurations = (
				06CCE21221AACA9000A63088 /* Debug */,
				06CCE21321AACA9000A63088 /* Release */,
			);
			defaultConfigurationIsVisible = 0;
			defaultConfigurationName = Release;
		};
		06CCE21421AACA9000A63088 /* Build configuration list for PBXNativeTarget "iOS-todoAppTests" */ = {
			isa = XCConfigurationList;
			buildConfigurations = (
				06CCE21521AACA9000A63088 /* Debug */,
				06CCE21621AACA9000A63088 /* Release */,
			);
			defaultConfigurationIsVisible = 0;
			defaultConfigurationName = Release;
		};
		06CCE21721AACA9000A63088 /* Build configuration list for PBXNativeTarget "iOS-todoAppUITests" */ = {
			isa = XCConfigurationList;
			buildConfigurations = (
				06CCE21821AACA9000A63088 /* Debug */,
				06CCE21921AACA9000A63088 /* Release */,
			);
			defaultConfigurationIsVisible = 0;
			defaultConfigurationName = Release;
		};
/* End XCConfigurationList section */

/* Begin XCVersionGroup section */
		06CCE1F021AACA8D00A63088 /* iOS_todoApp.xcdatamodeld */ = {
			isa = XCVersionGroup;
			children = (
				06CCE1F121AACA8D00A63088 /* iOS_todoApp.xcdatamodel */,
			);
			currentVersion = 06CCE1F121AACA8D00A63088 /* iOS_todoApp.xcdatamodel */;
			path = iOS_todoApp.xcdatamodeld;
			sourceTree = "<group>";
			versionGroupType = wrapper.xcdatamodel;
		};
/* End XCVersionGroup section */
	};
	rootObject = 06CCE1DE21AACA8D00A63088 /* Project object */;
}
